
Microsoft Visual Studio Solution File, Format Version 12.00
# Visual Studio Version 17
VisualStudioVersion = 17.14.36414.22 d17.14
MinimumVisualStudioVersion = 10.0.40219.1
Project("{FAE04EC0-301F-11D3-BF4B-00C04F79EFBC}") = "Vasco-Assignment2-IS325", "Vasco-Assignment2-IS325\Vasco-Assignment2-IS325.csproj", "{84C366AC-74EF-4D7B-BDCC-2D073CA283B5}"
EndProject
Global
	GlobalSection(SolutionConfigurationPlatforms) = preSolution
		Debug|Any CPU = Debug|Any CPU
		Release|Any CPU = Release|Any CPU
	EndGlobalSection
	GlobalSection(ProjectConfigurationPlatforms) = postSolution
		{84C366AC-74EF-4D7B-BDCC-2D073CA283B5}.Debug|Any CPU.ActiveCfg = Debug|Any CPU
		{84C366AC-74EF-4D7B-BDCC-2D073CA283B5}.Debug|Any CPU.Build.0 = Debug|Any CPU
		{84C366AC-74EF-4D7B-BDCC-2D073CA283B5}.Release|Any CPU.ActiveCfg = Release|Any CPU
		{84C366AC-74EF-4D7B-BDCC-2D073CA283B5}.Release|Any CPU.Build.0 = Release|Any CPU
	EndGlobalSection
	GlobalSection(SolutionProperties) = preSolution
		HideSolutionNode = FALSE
	EndGlobalSection
	GlobalSection(ExtensibilityGlobals) = postSolution
		SolutionGuid = {E40B0829-3CAE-45E4-91DA-85E17E269847}
	EndGlobalSection
EndGlobal
